// !$*UTF8*$!
{
	archiveVersion = 1;
	classes = {
	};
	objectVersion = 56;
	objects = {

/* Begin PBXBuildFile section */
		8A555A132A98D5FC00FA0B7F /* AppDelegate.swift in Sources */ = {isa = PBXBuildFile; fileRef = 8A555A122A98D5FC00FA0B7F /* AppDelegate.swift */; };
		8A555A152A98D5FC00FA0B7F /* SceneDelegate.swift in Sources */ = {isa = PBXBuildFile; fileRef = 8A555A142A98D5FC00FA0B7F /* SceneDelegate.swift */; };
		8A555A172A98D5FC00FA0B7F /* ViewController.swift in Sources */ = {isa = PBXBuildFile; fileRef = 8A555A162A98D5FC00FA0B7F /* ViewController.swift */; };
		8A555A1C2A98D5FC00FA0B7F /* Assets.xcassets in Resources */ = {isa = PBXBuildFile; fileRef = 8A555A1B2A98D5FC00FA0B7F /* Assets.xcassets */; };
		8A555A1F2A98D5FC00FA0B7F /* LaunchScreen.storyboard in Resources */ = {isa = PBXBuildFile; fileRef = 8A555A1D2A98D5FC00FA0B7F /* LaunchScreen.storyboard */; };
		8A555A272A98D67B00FA0B7F /* CustomTableViewCell.swift in Sources */ = {isa = PBXBuildFile; fileRef = 8A555A262A98D67B00FA0B7F /* CustomTableViewCell.swift */; };
		8A555A292A98F78200FA0B7F /* SFSymbolItem.swift in Sources */ = {isa = PBXBuildFile; fileRef = 8A555A282A98F78200FA0B7F /* SFSymbolItem.swift */; };
		8A555A2B2A98F84D00FA0B7F /* CollectionListViewController.swift in Sources */ = {isa = PBXBuildFile; fileRef = 8A555A2A2A98F84D00FA0B7F /* CollectionListViewController.swift */; };
		8A555A2D2A99F09700FA0B7F /* SFSymbolContentConfiguration.swift in Sources */ = {isa = PBXBuildFile; fileRef = 8A555A2C2A99F09700FA0B7F /* SFSymbolContentConfiguration.swift */; };
		8A555A2F2A99F82100FA0B7F /* SFSymbolVerticalContentView.swift in Sources */ = {isa = PBXBuildFile; fileRef = 8A555A2E2A99F82100FA0B7F /* SFSymbolVerticalContentView.swift */; };
		8A555A312A9CF28500FA0B7F /* SFSymbolVerticalListCell.swift in Sources */ = {isa = PBXBuildFile; fileRef = 8A555A302A9CF28500FA0B7F /* SFSymbolVerticalListCell.swift */; };
/* End PBXBuildFile section */

/* Begin PBXFileReference section */
		8A555A0F2A98D5FC00FA0B7F /* ModernCellConfiguration.app */ = {isa = PBXFileReference; explicitFileType = wrapper.application; includeInIndex = 0; path = ModernCellConfiguration.app; sourceTree = BUILT_PRODUCTS_DIR; };
		8A555A122A98D5FC00FA0B7F /* AppDelegate.swift */ = {isa = PBXFileReference; lastKnownFileType = sourcecode.swift; path = AppDelegate.swift; sourceTree = "<group>"; };
		8A555A142A98D5FC00FA0B7F /* SceneDelegate.swift */ = {isa = PBXFileReference; lastKnownFileType = sourcecode.swift; path = SceneDelegate.swift; sourceTree = "<group>"; };
		8A555A162A98D5FC00FA0B7F /* ViewController.swift */ = {isa = PBXFileReference; lastKnownFileType = sourcecode.swift; path = ViewController.swift; sourceTree = "<group>"; };
		8A555A1B2A98D5FC00FA0B7F /* Assets.xcassets */ = {isa = PBXFileReference; lastKnownFileType = folder.assetcatalog; path = Assets.xcassets; sourceTree = "<group>"; };
		8A555A1E2A98D5FC00FA0B7F /* Base */ = {isa = PBXFileReference; lastKnownFileType = file.storyboard; name = Base; path = Base.lproj/LaunchScreen.storyboard; sourceTree = "<group>"; };
		8A555A202A98D5FC00FA0B7F /* Info.plist */ = {isa = PBXFileReference; lastKnownFileType = text.plist.xml; path = Info.plist; sourceTree = "<group>"; };
		8A555A262A98D67B00FA0B7F /* CustomTableViewCell.swift */ = {isa = PBXFileReference; lastKnownFileType = sourcecode.swift; path = CustomTableViewCell.swift; sourceTree = "<group>"; };
		8A555A282A98F78200FA0B7F /* SFSymbolItem.swift */ = {isa = PBXFileReference; lastKnownFileType = sourcecode.swift; path = SFSymbolItem.swift; sourceTree = "<group>"; };
		8A555A2A2A98F84D00FA0B7F /* CollectionListViewController.swift */ = {isa = PBXFileReference; lastKnownFileType = sourcecode.swift; path = CollectionListViewController.swift; sourceTree = "<group>"; };
		8A555A2C2A99F09700FA0B7F /* SFSymbolContentConfiguration.swift */ = {isa = PBXFileReference; lastKnownFileType = sourcecode.swift; path = SFSymbolContentConfiguration.swift; sourceTree = "<group>"; };
		8A555A2E2A99F82100FA0B7F /* SFSymbolVerticalContentView.swift */ = {isa = PBXFileReference; lastKnownFileType = sourcecode.swift; path = SFSymbolVerticalContentView.swift; sourceTree = "<group>"; };
		8A555A302A9CF28500FA0B7F /* SFSymbolVerticalListCell.swift */ = {isa = PBXFileReference; lastKnownFileType = sourcecode.swift; path = SFSymbolVerticalListCell.swift; sourceTree = "<group>"; };
/* End PBXFileReference section */

/* Begin PBXFrameworksBuildPhase section */
		8A555A0C2A98D5FC00FA0B7F /* Frameworks */ = {
			isa = PBXFrameworksBuildPhase;
			buildActionMask = 2147483647;
			files = (
			);
			runOnlyForDeploymentPostprocessing = 0;
		};
/* End PBXFrameworksBuildPhase section */

/* Begin PBXGroup section */
		8A555A062A98D5FC00FA0B7F = {
			isa = PBXGroup;
			children = (
				8A555A112A98D5FC00FA0B7F /* ModernCellConfiguration */,
				8A555A102A98D5FC00FA0B7F /* Products */,
			);
			sourceTree = "<group>";
		};
		8A555A102A98D5FC00FA0B7F /* Products */ = {
			isa = PBXGroup;
			children = (
				8A555A0F2A98D5FC00FA0B7F /* ModernCellConfiguration.app */,
			);
			name = Products;
			sourceTree = "<group>";
		};
		8A555A112A98D5FC00FA0B7F /* ModernCellConfiguration */ = {
			isa = PBXGroup;
			children = (
				8A9472472A9CF94800DA191F /* App */,
				8A9472482A9CF95600DA191F /* Model */,
				8A9472462A9CF92800DA191F /* TableView */,
				8A9472492A9CF96A00DA191F /* CollectionView */,
				8A94724A2A9CF98500DA191F /* Resources */,
			);
			path = ModernCellConfiguration;
			sourceTree = "<group>";
		};
		8A9472462A9CF92800DA191F /* TableView */ = {
			isa = PBXGroup;
			children = (
				8A555A162A98D5FC00FA0B7F /* ViewController.swift */,
				8A555A262A98D67B00FA0B7F /* CustomTableViewCell.swift */,
			);
			path = TableView;
			sourceTree = "<group>";
		};
		8A9472472A9CF94800DA191F /* App */ = {
			isa = PBXGroup;
			children = (
				8A555A122A98D5FC00FA0B7F /* AppDelegate.swift */,
				8A555A142A98D5FC00FA0B7F /* SceneDelegate.swift */,
			);
			path = App;
			sourceTree = "<group>";
		};
		8A9472482A9CF95600DA191F /* Model */ = {
			isa = PBXGroup;
			children = (
				8A555A282A98F78200FA0B7F /* SFSymbolItem.swift */,
			);
			path = Model;
			sourceTree = "<group>";
		};
		8A9472492A9CF96A00DA191F /* CollectionView */ = {
			isa = PBXGroup;
			children = (
				8A555A2A2A98F84D00FA0B7F /* CollectionListViewController.swift */,
				8A555A2C2A99F09700FA0B7F /* SFSymbolContentConfiguration.swift */,
				8A555A2E2A99F82100FA0B7F /* SFSymbolVerticalContentView.swift */,
				8A555A302A9CF28500FA0B7F /* SFSymbolVerticalListCell.swift */,
			);
			path = CollectionView;
			sourceTree = "<group>";
		};
		8A94724A2A9CF98500DA191F /* Resources */ = {
			isa = PBXGroup;
			children = (
				8A555A1B2A98D5FC00FA0B7F /* Assets.xcassets */,
				8A555A1D2A98D5FC00FA0B7F /* LaunchScreen.storyboard */,
				8A555A202A98D5FC00FA0B7F /* Info.plist */,
			);
			path = Resources;
			sourceTree = "<group>";
		};
/* End PBXGroup section */

/* Begin PBXNativeTarget section */
		8A555A0E2A98D5FC00FA0B7F /* ModernCellConfiguration */ = {
			isa = PBXNativeTarget;
			buildConfigurationList = 8A555A232A98D5FC00FA0B7F /* Build configuration list for PBXNativeTarget "ModernCellConfiguration" */;
			buildPhases = (
				8A555A0B2A98D5FC00FA0B7F /* Sources */,
				8A555A0C2A98D5FC00FA0B7F /* Frameworks */,
				8A555A0D2A98D5FC00FA0B7F /* Resources */,
			);
			buildRules = (
			);
			dependencies = (
			);
			name = ModernCellConfiguration;
			productName = ModernCellConfiguration;
			productReference = 8A555A0F2A98D5FC00FA0B7F /* ModernCellConfiguration.app */;
			productType = "com.apple.product-type.application";
		};
/* End PBXNativeTarget section */

/* Begin PBXProject section */
		8A555A072A98D5FC00FA0B7F /* Project object */ = {
			isa = PBXProject;
			attributes = {
				BuildIndependentTargetsInParallel = 1;
				LastSwiftUpdateCheck = 1430;
				LastUpgradeCheck = 1430;
				TargetAttributes = {
					8A555A0E2A98D5FC00FA0B7F = {
						CreatedOnToolsVersion = 14.3.1;
					};
				};
			};
			buildConfigurationList = 8A555A0A2A98D5FC00FA0B7F /* Build configuration list for PBXProject "ModernCellConfiguration" */;
			compatibilityVersion = "Xcode 14.0";
			developmentRegion = en;
			hasScannedForEncodings = 0;
			knownRegions = (
				en,
				Base,
			);
			mainGroup = 8A555A062A98D5FC00FA0B7F;
			productRefGroup = 8A555A102A98D5FC00FA0B7F /* Products */;
			projectDirPath = "";
			projectRoot = "";
			targets = (
				8A555A0E2A98D5FC00FA0B7F /* ModernCellConfiguration */,
			);
		};
/* End PBXProject section */

/* Begin PBXResourcesBuildPhase section */
		8A555A0D2A98D5FC00FA0B7F /* Resources */ = {
			isa = PBXResourcesBuildPhase;
			buildActionMask = 2147483647;
			files = (
				8A555A1F2A98D5FC00FA0B7F /* LaunchScreen.storyboard in Resources */,
				8A555A1C2A98D5FC00FA0B7F /* Assets.xcassets in Resources */,
			);
			runOnlyForDeploymentPostprocessing = 0;
		};
/* End PBXResourcesBuildPhase section */

/* Begin PBXSourcesBuildPhase section */
		8A555A0B2A98D5FC00FA0B7F /* Sources */ = {
			isa = PBXSourcesBuildPhase;
			buildActionMask = 2147483647;
			files = (
				8A555A312A9CF28500FA0B7F /* SFSymbolVerticalListCell.swift in Sources */,
				8A555A2B2A98F84D00FA0B7F /* CollectionListViewController.swift in Sources */,
				8A555A2F2A99F82100FA0B7F /* SFSymbolVerticalContentView.swift in Sources */,
				8A555A172A98D5FC00FA0B7F /* ViewController.swift in Sources */,
				8A555A132A98D5FC00FA0B7F /* AppDelegate.swift in Sources */,
				8A555A2D2A99F09700FA0B7F /* SFSymbolContentConfiguration.swift in Sources */,
				8A555A292A98F78200FA0B7F /* SFSymbolItem.swift in Sources */,
				8A555A272A98D67B00FA0B7F /* CustomTableViewCell.swift in Sources */,
				8A555A152A98D5FC00FA0B7F /* SceneDelegate.swift in Sources */,
			);
			runOnlyForDeploymentPostprocessing = 0;
		};
/* End PBXSourcesBuildPhase section */

/* Begin PBXVariantGroup section */
		8A555A1D2A98D5FC00FA0B7F /* LaunchScreen.storyboard */ = {
			isa = PBXVariantGroup;
			children = (
				8A555A1E2A98D5FC00FA0B7F /* Base */,
			);
			name = LaunchScreen.storyboard;
			sourceTree = "<group>";
		};
/* End PBXVariantGroup section */

/* Begin XCBuildConfiguration section */
		8A555A212A98D5FC00FA0B7F /* Debug */ = {
			isa = XCBuildConfiguration;
			buildSettings = {
				ALWAYS_SEARCH_USER_PATHS = NO;
				CLANG_ANALYZER_NONNULL = YES;
				CLANG_ANALYZER_NUMBER_OBJECT_CONVERSION = YES_AGGRESSIVE;
				CLANG_CXX_LANGUAGE_STANDARD = "gnu++20";
				CLANG_ENABLE_MODULES = YES;
				CLANG_ENABLE_OBJC_ARC = YES;
				CLANG_ENABLE_OBJC_WEAK = YES;
				CLANG_WARN_BLOCK_CAPTURE_AUTORELEASING = YES;
				CLANG_WARN_BOOL_CONVERSION = YES;
				CLANG_WARN_COMMA = YES;
				CLANG_WARN_CONSTANT_CONVERSION = YES;
				CLANG_WARN_DEPRECATED_OBJC_IMPLEMENTATIONS = YES;
				CLANG_WARN_DIRECT_OBJC_ISA_USAGE = YES_ERROR;
				CLANG_WARN_DOCUMENTATION_COMMENTS = YES;
				CLANG_WARN_EMPTY_BODY = YES;
				CLANG_WARN_ENUM_CONVERSION = YES;
				CLANG_WARN_INFINITE_RECURSION = YES;
				CLANG_WARN_INT_CONVERSION = YES;
				CLANG_WARN_NON_LITERAL_NULL_CONVERSION = YES;
				CLANG_WARN_OBJC_IMPLICIT_RETAIN_SELF = YES;
				CLANG_WARN_OBJC_LITERAL_CONVERSION = YES;
				CLANG_WARN_OBJC_ROOT_CLASS = YES_ERROR;
				CLANG_WARN_QUOTED_INCLUDE_IN_FRAMEWORK_HEADER = YES;
				CLANG_WARN_RANGE_LOOP_ANALYSIS = YES;
				CLANG_WARN_STRICT_PROTOTYPES = YES;
				CLANG_WARN_SUSPICIOUS_MOVE = YES;
				CLANG_WARN_UNGUARDED_AVAILABILITY = YES_AGGRESSIVE;
				CLANG_WARN_UNREACHABLE_CODE = YES;
				CLANG_WARN__DUPLICATE_METHOD_MATCH = YES;
				COPY_PHASE_STRIP = NO;
				DEBUG_INFORMATION_FORMAT = dwarf;
				ENABLE_STRICT_OBJC_MSGSEND = YES;
				ENABLE_TESTABILITY = YES;
				GCC_C_LANGUAGE_STANDARD = gnu11;
				GCC_DYNAMIC_NO_PIC = NO;
				GCC_NO_COMMON_BLOCKS = YES;
				GCC_OPTIMIZATION_LEVEL = 0;
				GCC_PREPROCESSOR_DEFINITIONS = (
					"DEBUG=1",
					"$(inherited)",
				);
				GCC_WARN_64_TO_32_BIT_CONVERSION = YES;
				GCC_WARN_ABOUT_RETURN_TYPE = YES_ERROR;
				GCC_WARN_UNDECLARED_SELECTOR = YES;
				GCC_WARN_UNINITIALIZED_AUTOS = YES_AGGRESSIVE;
				GCC_WARN_UNUSED_FUNCTION = YES;
				GCC_WARN_UNUSED_VARIABLE = YES;
				IPHONEOS_DEPLOYMENT_TARGET = 16.4;
				MTL_ENABLE_DEBUG_INFO = INCLUDE_SOURCE;
				MTL_FAST_MATH = YES;
				ONLY_ACTIVE_ARCH = YES;
				SDKROOT = iphoneos;
				SWIFT_ACTIVE_COMPILATION_CONDITIONS = DEBUG;
				SWIFT_OPTIMIZATION_LEVEL = "-Onone";
			};
			name = Debug;
		};
		8A555A222A98D5FC00FA0B7F /* Release */ = {
			isa = XCBuildConfiguration;
			buildSettings = {
				ALWAYS_SEARCH_USER_PATHS = NO;
				CLANG_ANALYZER_NONNULL = YES;
				CLANG_ANALYZER_NUMBER_OBJECT_CONVERSION = YES_AGGRESSIVE;
				CLANG_CXX_LANGUAGE_STANDARD = "gnu++20";
				CLANG_ENABLE_MODULES = YES;
				CLANG_ENABLE_OBJC_ARC = YES;
				CLANG_ENABLE_OBJC_WEAK = YES;
				CLANG_WARN_BLOCK_CAPTURE_AUTORELEASING = YES;
				CLANG_WARN_BOOL_CONVERSION = YES;
				CLANG_WARN_COMMA = YES;
				CLANG_WARN_CONSTANT_CONVERSION = YES;
				CLANG_WARN_DEPRECATED_OBJC_IMPLEMENTATIONS = YES;
				CLANG_WARN_DIRECT_OBJC_ISA_USAGE = YES_ERROR;
				CLANG_WARN_DOCUMENTATION_COMMENTS = YES;
				CLANG_WARN_EMPTY_BODY = YES;
				CLANG_WARN_ENUM_CONVERSION = YES;
				CLANG_WARN_INFINITE_RECURSION = YES;
				CLANG_WARN_INT_CONVERSION = YES;
				CLANG_WARN_NON_LITERAL_NULL_CONVERSION = YES;
				CLANG_WARN_OBJC_IMPLICIT_RETAIN_SELF = YES;
				CLANG_WARN_OBJC_LITERAL_CONVERSION = YES;
				CLANG_WARN_OBJC_ROOT_CLASS = YES_ERROR;
				CLANG_WARN_QUOTED_INCLUDE_IN_FRAMEWORK_HEADER = YES;
				CLANG_WARN_RANGE_LOOP_ANALYSIS = YES;
				CLANG_WARN_STRICT_PROTOTYPES = YES;
				CLANG_WARN_SUSPICIOUS_MOVE = YES;
				CLANG_WARN_UNGUARDED_AVAILABILITY = YES_AGGRESSIVE;
				CLANG_WARN_UNREACHABLE_CODE = YES;
				CLANG_WARN__DUPLICATE_METHOD_MATCH = YES;
				COPY_PHASE_STRIP = NO;
				DEBUG_INFORMATION_FORMAT = "dwarf-with-dsym";
				ENABLE_NS_ASSERTIONS = NO;
				ENABLE_STRICT_OBJC_MSGSEND = YES;
				GCC_C_LANGUAGE_STANDARD = gnu11;
				GCC_NO_COMMON_BLOCKS = YES;
				GCC_WARN_64_TO_32_BIT_CONVERSION = YES;
				GCC_WARN_ABOUT_RETURN_TYPE = YES_ERROR;
				GCC_WARN_UNDECLARED_SELECTOR = YES;
				GCC_WARN_UNINITIALIZED_AUTOS = YES_AGGRESSIVE;
				GCC_WARN_UNUSED_FUNCTION = YES;
				GCC_WARN_UNUSED_VARIABLE = YES;
				IPHONEOS_DEPLOYMENT_TARGET = 16.4;
				MTL_ENABLE_DEBUG_INFO = NO;
				MTL_FAST_MATH = YES;
				SDKROOT = iphoneos;
				SWIFT_COMPILATION_MODE = wholemodule;
				SWIFT_OPTIMIZATION_LEVEL = "-O";
				VALIDATE_PRODUCT = YES;
			};
			name = Release;
		};
		8A555A242A98D5FC00FA0B7F /* Debug */ = {
			isa = XCBuildConfiguration;
			buildSettings = {
				ASSETCATALOG_COMPILER_APPICON_NAME = AppIcon;
				ASSETCATALOG_COMPILER_GLOBAL_ACCENT_COLOR_NAME = AccentColor;
				CODE_SIGN_STYLE = Automatic;
				CURRENT_PROJECT_VERSION = 1;
				DEVELOPMENT_TEAM = JZ3AHZ382V;
				GENERATE_INFOPLIST_FILE = YES;
				INFOPLIST_FILE = ModernCellConfiguration/Resources/Info.plist;
				INFOPLIST_KEY_UIApplicationSupportsIndirectInputEvents = YES;
				INFOPLIST_KEY_UILaunchStoryboardName = LaunchScreen;
				INFOPLIST_KEY_UISupportedInterfaceOrientations_iPad = "UIInterfaceOrientationPortrait UIInterfaceOrientationPortraitUpsideDown UIInterfaceOrientationLandscapeLeft UIInterfaceOrientationLandscapeRight";
				INFOPLIST_KEY_UISupportedInterfaceOrientations_iPhone = "UIInterfaceOrientationPortrait UIInterfaceOrientationLandscapeLeft UIInterfaceOrientationLandscapeRight";
				LD_RUNPATH_SEARCH_PATHS = (
					"$(inherited)",
					"@executable_path/Frameworks",
				);
				MARKETING_VERSION = 1.0;
				PRODUCT_BUNDLE_IDENTIFIER = com.dorodniy.ModernCellConfiguration;
				PRODUCT_NAME = "$(TARGET_NAME)";
				SWIFT_EMIT_LOC_STRINGS = YES;
				SWIFT_VERSION = 5.0;
				TARGETED_DEVICE_FAMILY = "1,2";
			};
			name = Debug;
		};
		8A555A252A98D5FC00FA0B7F /* Release */ = {
			isa = XCBuildConfiguration;
			buildSettings = {
				ASSETCATALOG_COMPILER_APPICON_NAME = AppIcon;
				ASSETCATALOG_COMPILER_GLOBAL_ACCENT_COLOR_NAME = AccentColor;
				CODE_SIGN_STYLE = Automatic;
				CURRENT_PROJECT_VERSION = 1;
				DEVELOPMENT_TEAM = JZ3AHZ382V;
				GENERATE_INFOPLIST_FILE = YES;
				INFOPLIST_FILE = ModernCellConfiguration/Resources/Info.plist;
				INFOPLIST_KEY_UIApplicationSupportsIndirectInputEvents = YES;
				INFOPLIST_KEY_UILaunchStoryboardName = LaunchScreen;
				INFOPLIST_KEY_UISupportedInterfaceOrientations_iPad = "UIInterfaceOrientationPortrait UIInterfaceOrientationPortraitUpsideDown UIInterfaceOrientationLandscapeLeft UIInterfaceOrientationLandscapeRight";
				INFOPLIST_KEY_UISupportedInterfaceOrientations_iPhone = "UIInterfaceOrientationPortrait UIInterfaceOrientationLandscapeLeft UIInterfaceOrientationLandscapeRight";
				LD_RUNPATH_SEARCH_PATHS = (
					"$(inherited)",
					"@executable_path/Frameworks",
				);
				MARKETING_VERSION = 1.0;
				PRODUCT_BUNDLE_IDENTIFIER = com.dorodniy.ModernCellConfiguration;
				PRODUCT_NAME = "$(TARGET_NAME)";
				SWIFT_EMIT_LOC_STRINGS = YES;
				SWIFT_VERSION = 5.0;
				TARGETED_DEVICE_FAMILY = "1,2";
			};
			name = Release;
		};
/* End XCBuildConfiguration section */

/* Begin XCConfigurationList section */
		8A555A0A2A98D5FC00FA0B7F /* Build configuration list for PBXProject "ModernCellConfiguration" */ = {
			isa = XCConfigurationList;
			buildConfigurations = (
				8A555A212A98D5FC00FA0B7F /* Debug */,
				8A555A222A98D5FC00FA0B7F /* Release */,
			);
			defaultConfigurationIsVisible = 0;
			defaultConfigurationName = Release;
		};
		8A555A232A98D5FC00FA0B7F /* Build configuration list for PBXNativeTarget "ModernCellConfiguration" */ = {
			isa = XCConfigurationList;
			buildConfigurations = (
				8A555A242A98D5FC00FA0B7F /* Debug */,
				8A555A252A98D5FC00FA0B7F /* Release */,
			);
			defaultConfigurationIsVisible = 0;
			defaultConfigurationName = Release;
		};
/* End XCConfigurationList section */
	};
	rootObject = 8A555A072A98D5FC00FA0B7F /* Project object */;
}
